{
  "requires": true,
  "lockfileVersion": 1,
  "dependencies": {
    "@ionic/pwa-elements": {
      "version": "3.1.1",
      "resolved": "https://registry.npmjs.org/@ionic/pwa-elements/-/pwa-elements-3.1.1.tgz",
      "integrity": "sha512-BoEX1pSrKn5dP4VQwaf8DweAmT4ynmpW+9f6oj/W1xLe54bmuXcUY07ziuZX1DLu50xHSYcO5qJ/dbYC/w6wgA=="
    },
    "dotenv": {
      "version": "16.0.3",
      "resolved": "https://registry.npmjs.org/dotenv/-/dotenv-16.0.3.tgz",
      "integrity": "sha512-7GO6HghkA5fYG9TYnNxi14/7K9f5occMlp3zXAuSxn7CKCxt9xbNWG7yF8hTCSUchlfWSe3uLmlPfigevRItzQ=="
    }
  }
}
